{
  "name": "@prelude-music/ts-sdk",
  "version": "0.0.0",
  "lockfileVersion": 3,
  "requires": true,
  "packages": {
    "": {
      "name": "@prelude-music/ts-sdk",
      "version": "0.0.0",
      "license": "LGPL-3.0-only",
      "dependencies": {
        "@prelude-music/ts-client": "github:prelude-music/ts-client"
      },
      "devDependencies": {
        "typescript": "^5.6.3"
      }
    },
    "node_modules/@prelude-music/ts-client": {
      "version": "0.0.0",
      "resolved": "git+ssh://git@github.com/prelude-music/ts-client.git#80d674e9fd0e2e4067fc94425430a226072e0cde",
      "license": "LGPL-3.0-only"
    },
    "node_modules/typescript": {
      "version": "5.6.3",
      "resolved": "https://registry.npmjs.org/typescript/-/typescript-5.6.3.tgz",
      "integrity": "sha512-hjcS1mhfuyi4WW8IWtjP7brDrG2cuDZukyrYrSauoXGNgx0S7zceP07adYkJycEr56BOUTNPzbInooiN3fn1qw==",
      "dev": true,
      "bin": {
        "tsc": "bin/tsc",
        "tsserver": "bin/tsserver"
      },
      "engines": {
        "node": ">=14.17"
      }
    }
  }
}
